
Microsoft Visual Studio Solution File, Format Version 12.00
# Visual Studio Version 17
VisualStudioVersion = 17.1.32421.90
MinimumVisualStudioVersion = 10.0.40219.1
Project("{FAE04EC0-301F-11D3-BF4B-00C04F79EFBC}") = "Muhammad Umar", "Muhammad Umar\Muhammad Umar.csproj", "{2BAA57E9-EF8F-4F0D-B246-29585E5E284C}"
EndProject
Global
	GlobalSection(SolutionConfigurationPlatforms) = preSolution
		Debug|Any CPU = Debug|Any CPU
		Release|Any CPU = Release|Any CPU
	EndGlobalSection
	GlobalSection(ProjectConfigurationPlatforms) = postSolution
		{2BAA57E9-EF8F-4F0D-B246-29585E5E284C}.Debug|Any CPU.ActiveCfg = Debug|Any CPU
		{2BAA57E9-EF8F-4F0D-B246-29585E5E284C}.Debug|Any CPU.Build.0 = Debug|Any CPU
		{2BAA57E9-EF8F-4F0D-B246-29585E5E284C}.Release|Any CPU.ActiveCfg = Release|Any CPU
		{2BAA57E9-EF8F-4F0D-B246-29585E5E284C}.Release|Any CPU.Build.0 = Release|Any CPU
	EndGlobalSection
	GlobalSection(SolutionProperties) = preSolution
		HideSolutionNode = FALSE
	EndGlobalSection
	GlobalSection(ExtensibilityGlobals) = postSolution
		SolutionGuid = {74BCFE8F-F8DB-4EC3-A841-8F481A2B56A4}
	EndGlobalSection
EndGlobal
